
Microsoft Visual Studio Solution File, Format Version 12.00
# Visual Studio Version 16
VisualStudioVersion = 16.0.31702.278
MinimumVisualStudioVersion = 10.0.40219.1
Project("{FAE04EC0-301F-11D3-BF4B-00C04F79EFBC}") = "T01.TennisEquipment", "T01.TennisEquipment\T01.TennisEquipment.csproj", "{CCA26FF2-32D2-44DF-996B-ACA3C7379171}"
EndProject
Project("{FAE04EC0-301F-11D3-BF4B-00C04F79EFBC}") = "T01.BasketballEquipment", "T01.BasketballEquipment\T01.BasketballEquipment.csproj", "{B531F994-85ED-4E00-BD26-B51E1FBED9C9}"
EndProject
Project("{FAE04EC0-301F-11D3-BF4B-00C04F79EFBC}") = "T02.FootballResults", "T02.FootballResults\T02.FootballResults.csproj", "{5589652D-F74A-481B-BB3B-33CFA41B5697}"
EndProject
Project("{FAE04EC0-301F-11D3-BF4B-00C04F79EFBC}") = "T02.Skeleton", "T02.Skeleton\T02.Skeleton.csproj", "{54C9FCF3-1F02-4D1C-A0FE-92A40B6C28C3}"
EndProject
Project("{FAE04EC0-301F-11D3-BF4B-00C04F79EFBC}") = "T03.Gymnastics", "T03.Gymnastics\T03.Gymnastics.csproj", "{F27A3A30-A43A-4A19-9791-78CAB9D9ACD0}"
EndProject
Project("{FAE04EC0-301F-11D3-BF4B-00C04F79EFBC}") = "T03.WorldSnookerChampionship", "T03.WorldSnookerChampionship\T03.WorldSnookerChampionship.csproj", "{ED40985C-B84A-47F2-A0BF-3EC5C5CF7B8F}"
EndProject
Project("{FAE04EC0-301F-11D3-BF4B-00C04F79EFBC}") = "T04.GameNumberWars", "T04.GameNumberWars\T04.GameNumberWars.csproj", "{E1362B6B-5E33-46F3-B6F6-ED084CA1E7AF}"
EndProject
Project("{FAE04EC0-301F-11D3-BF4B-00C04F79EFBC}") = "T04.Darts", "T04.Darts\T04.Darts.csproj", "{982B926D-23F5-4FD3-93A7-30AE23835D1B}"
EndProject
Project("{FAE04EC0-301F-11D3-BF4B-00C04F79EFBC}") = "T05.TennisRanklist", "T05.TennisRanklist\T05.TennisRanklist.csproj", "{988C0E33-C787-4EDC-B361-6BD005E00351}"
EndProject
Project("{FAE04EC0-301F-11D3-BF4B-00C04F79EFBC}") = "T05.FitnessCenter", "T05.FitnessCenter\T05.FitnessCenter.csproj", "{91FD2190-3A21-47F3-BFAC-3C67F410280B}"
EndProject
Project("{FAE04EC0-301F-11D3-BF4B-00C04F79EFBC}") = "T06.HighJump", "T06.HighJump\T06.HighJump.csproj", "{F90E6C33-79A5-40A1-BC16-64D214A62457}"
EndProject
Project("{FAE04EC0-301F-11D3-BF4B-00C04F79EFBC}") = "T06.BasketballTournament", "T06.BasketballTournament\T06.BasketballTournament.csproj", "{58376B84-0F02-4A4F-BEF9-785BFDE2E591}"
EndProject
Global
	GlobalSection(SolutionConfigurationPlatforms) = preSolution
		Debug|Any CPU = Debug|Any CPU
		Release|Any CPU = Release|Any CPU
	EndGlobalSection
	GlobalSection(ProjectConfigurationPlatforms) = postSolution
		{CCA26FF2-32D2-44DF-996B-ACA3C7379171}.Debug|Any CPU.ActiveCfg = Debug|Any CPU
		{CCA26FF2-32D2-44DF-996B-ACA3C7379171}.Debug|Any CPU.Build.0 = Debug|Any CPU
		{CCA26FF2-32D2-44DF-996B-ACA3C7379171}.Release|Any CPU.ActiveCfg = Release|Any CPU
		{CCA26FF2-32D2-44DF-996B-ACA3C7379171}.Release|Any CPU.Build.0 = Release|Any CPU
		{B531F994-85ED-4E00-BD26-B51E1FBED9C9}.Debug|Any CPU.ActiveCfg = Debug|Any CPU
		{B531F994-85ED-4E00-BD26-B51E1FBED9C9}.Debug|Any CPU.Build.0 = Debug|Any CPU
		{B531F994-85ED-4E00-BD26-B51E1FBED9C9}.Release|Any CPU.ActiveCfg = Release|Any CPU
		{B531F994-85ED-4E00-BD26-B51E1FBED9C9}.Release|Any CPU.Build.0 = Release|Any CPU
		{5589652D-F74A-481B-BB3B-33CFA41B5697}.Debug|Any CPU.ActiveCfg = Debug|Any CPU
		{5589652D-F74A-481B-BB3B-33CFA41B5697}.Debug|Any CPU.Build.0 = Debug|Any CPU
		{5589652D-F74A-481B-BB3B-33CFA41B5697}.Release|Any CPU.ActiveCfg = Release|Any CPU
		{5589652D-F74A-481B-BB3B-33CFA41B5697}.Release|Any CPU.Build.0 = Release|Any CPU
		{54C9FCF3-1F02-4D1C-A0FE-92A40B6C28C3}.Debug|Any CPU.ActiveCfg = Debug|Any CPU
		{54C9FCF3-1F02-4D1C-A0FE-92A40B6C28C3}.Debug|Any CPU.Build.0 = Debug|Any CPU
		{54C9FCF3-1F02-4D1C-A0FE-92A40B6C28C3}.Release|Any CPU.ActiveCfg = Release|Any CPU
		{54C9FCF3-1F02-4D1C-A0FE-92A40B6C28C3}.Release|Any CPU.Build.0 = Release|Any CPU
		{F27A3A30-A43A-4A19-9791-78CAB9D9ACD0}.Debug|Any CPU.ActiveCfg = Debug|Any CPU
		{F27A3A30-A43A-4A19-9791-78CAB9D9ACD0}.Debug|Any CPU.Build.0 = Debug|Any CPU
		{F27A3A30-A43A-4A19-9791-78CAB9D9ACD0}.Release|Any CPU.ActiveCfg = Release|Any CPU
		{F27A3A30-A43A-4A19-9791-78CAB9D9ACD0}.Release|Any CPU.Build.0 = Release|Any CPU
		{ED40985C-B84A-47F2-A0BF-3EC5C5CF7B8F}.Debug|Any CPU.ActiveCfg = Debug|Any CPU
		{ED40985C-B84A-47F2-A0BF-3EC5C5CF7B8F}.Debug|Any CPU.Build.0 = Debug|Any CPU
		{ED40985C-B84A-47F2-A0BF-3EC5C5CF7B8F}.Release|Any CPU.ActiveCfg = Release|Any CPU
		{ED40985C-B84A-47F2-A0BF-3EC5C5CF7B8F}.Release|Any CPU.Build.0 = Release|Any CPU
		{E1362B6B-5E33-46F3-B6F6-ED084CA1E7AF}.Debug|Any CPU.ActiveCfg = Debug|Any CPU
		{E1362B6B-5E33-46F3-B6F6-ED084CA1E7AF}.Debug|Any CPU.Build.0 = Debug|Any CPU
		{E1362B6B-5E33-46F3-B6F6-ED084CA1E7AF}.Release|Any CPU.ActiveCfg = Release|Any CPU
		{E1362B6B-5E33-46F3-B6F6-ED084CA1E7AF}.Release|Any CPU.Build.0 = Release|Any CPU
		{982B926D-23F5-4FD3-93A7-30AE23835D1B}.Debug|Any CPU.ActiveCfg = Debug|Any CPU
		{982B926D-23F5-4FD3-93A7-30AE23835D1B}.Debug|Any CPU.Build.0 = Debug|Any CPU
		{982B926D-23F5-4FD3-93A7-30AE23835D1B}.Release|Any CPU.ActiveCfg = Release|Any CPU
		{982B926D-23F5-4FD3-93A7-30AE23835D1B}.Release|Any CPU.Build.0 = Release|Any CPU
		{988C0E33-C787-4EDC-B361-6BD005E00351}.Debug|Any CPU.ActiveCfg = Debug|Any CPU
		{988C0E33-C787-4EDC-B361-6BD005E00351}.Debug|Any CPU.Build.0 = Debug|Any CPU
		{988C0E33-C787-4EDC-B361-6BD005E00351}.Release|Any CPU.ActiveCfg = Release|Any CPU
		{988C0E33-C787-4EDC-B361-6BD005E00351}.Release|Any CPU.Build.0 = Release|Any CPU
		{91FD2190-3A21-47F3-BFAC-3C67F410280B}.Debug|Any CPU.ActiveCfg = Debug|Any CPU
		{91FD2190-3A21-47F3-BFAC-3C67F410280B}.Debug|Any CPU.Build.0 = Debug|Any CPU
		{91FD2190-3A21-47F3-BFAC-3C67F410280B}.Release|Any CPU.ActiveCfg = Release|Any CPU
		{91FD2190-3A21-47F3-BFAC-3C67F410280B}.Release|Any CPU.Build.0 = Release|Any CPU
		{F90E6C33-79A5-40A1-BC16-64D214A62457}.Debug|Any CPU.ActiveCfg = Debug|Any CPU
		{F90E6C33-79A5-40A1-BC16-64D214A62457}.Debug|Any CPU.Build.0 = Debug|Any CPU
		{F90E6C33-79A5-40A1-BC16-64D214A62457}.Release|Any CPU.ActiveCfg = Release|Any CPU
		{F90E6C33-79A5-40A1-BC16-64D214A62457}.Release|Any CPU.Build.0 = Release|Any CPU
		{58376B84-0F02-4A4F-BEF9-785BFDE2E591}.Debug|Any CPU.ActiveCfg = Debug|Any CPU
		{58376B84-0F02-4A4F-BEF9-785BFDE2E591}.Debug|Any CPU.Build.0 = Debug|Any CPU
		{58376B84-0F02-4A4F-BEF9-785BFDE2E591}.Release|Any CPU.ActiveCfg = Release|Any CPU
		{58376B84-0F02-4A4F-BEF9-785BFDE2E591}.Release|Any CPU.Build.0 = Release|Any CPU
	EndGlobalSection
	GlobalSection(SolutionProperties) = preSolution
		HideSolutionNode = FALSE
	EndGlobalSection
	GlobalSection(ExtensibilityGlobals) = postSolution
		SolutionGuid = {FB007326-0023-447B-89D8-5194F3F8875C}
	EndGlobalSection
EndGlobal
