
Microsoft Visual Studio Solution File, Format Version 12.00
# Visual Studio Version 16
VisualStudioVersion = 16.0.31702.278
MinimumVisualStudioVersion = 10.0.40219.1
Project("{FAE04EC0-301F-11D3-BF4B-00C04F79EFBC}") = "_Draft", "_Draft\_Draft.csproj", "{A1F12BBA-10A5-4429-B633-ACEAD2585A63}"
EndProject
Project("{FAE04EC0-301F-11D3-BF4B-00C04F79EFBC}") = "1000DaysAfterBirth", "1000DaysAfterBirth\1000DaysAfterBirth.csproj", "{1017985E-14CB-4875-9446-67B19E169183}"
EndProject
Project("{FAE04EC0-301F-11D3-BF4B-00C04F79EFBC}") = "CurrencyConverter", "CurrencyConverter\CurrencyConverter.csproj", "{02224AAC-F66C-4944-9F71-6FA037B81699}"
EndProject
Global
	GlobalSection(SolutionConfigurationPlatforms) = preSolution
		Debug|Any CPU = Debug|Any CPU
		Release|Any CPU = Release|Any CPU
	EndGlobalSection
	GlobalSection(ProjectConfigurationPlatforms) = postSolution
		{A1F12BBA-10A5-4429-B633-ACEAD2585A63}.Debug|Any CPU.ActiveCfg = Debug|Any CPU
		{A1F12BBA-10A5-4429-B633-ACEAD2585A63}.Debug|Any CPU.Build.0 = Debug|Any CPU
		{A1F12BBA-10A5-4429-B633-ACEAD2585A63}.Release|Any CPU.ActiveCfg = Release|Any CPU
		{A1F12BBA-10A5-4429-B633-ACEAD2585A63}.Release|Any CPU.Build.0 = Release|Any CPU
		{1017985E-14CB-4875-9446-67B19E169183}.Debug|Any CPU.ActiveCfg = Debug|Any CPU
		{1017985E-14CB-4875-9446-67B19E169183}.Debug|Any CPU.Build.0 = Debug|Any CPU
		{1017985E-14CB-4875-9446-67B19E169183}.Release|Any CPU.ActiveCfg = Release|Any CPU
		{1017985E-14CB-4875-9446-67B19E169183}.Release|Any CPU.Build.0 = Release|Any CPU
		{02224AAC-F66C-4944-9F71-6FA037B81699}.Debug|Any CPU.ActiveCfg = Debug|Any CPU
		{02224AAC-F66C-4944-9F71-6FA037B81699}.Debug|Any CPU.Build.0 = Debug|Any CPU
		{02224AAC-F66C-4944-9F71-6FA037B81699}.Release|Any CPU.ActiveCfg = Release|Any CPU
		{02224AAC-F66C-4944-9F71-6FA037B81699}.Release|Any CPU.Build.0 = Release|Any CPU
	EndGlobalSection
	GlobalSection(SolutionProperties) = preSolution
		HideSolutionNode = FALSE
	EndGlobalSection
	GlobalSection(ExtensibilityGlobals) = postSolution
		SolutionGuid = {8D802BAD-8B7C-4FD4-B995-757B231511B5}
	EndGlobalSection
EndGlobal
