
Microsoft Visual Studio Solution File, Format Version 12.00
# Visual Studio Version 16
VisualStudioVersion = 16.0.31702.278
MinimumVisualStudioVersion = 10.0.40219.1
Project("{FAE04EC0-301F-11D3-BF4B-00C04F79EFBC}") = "T01.OnTimeForTheExam", "T01.OnTimeForTheExam\T01.OnTimeForTheExam.csproj", "{ACC34921-E456-4FFB-BB2F-19B213DA0E23}"
EndProject
Project("{FAE04EC0-301F-11D3-BF4B-00C04F79EFBC}") = "T02.Trip", "T02.Trip\T02.Trip.csproj", "{4C09FCB1-05BC-4C48-A0E3-D2C1EBA59CC8}"
EndProject
Project("{FAE04EC0-301F-11D3-BF4B-00C04F79EFBC}") = "T03.Operations", "T03.Operations\T03.Operations.csproj", "{ED757A89-3768-4364-B505-9CB126CE36DA}"
EndProject
Project("{FAE04EC0-301F-11D3-BF4B-00C04F79EFBC}") = "T04.MatchTickets", "T04.MatchTickets\T04.MatchTickets.csproj", "{A49B051C-1DED-49FE-8CB5-46FFEF506A4A}"
EndProject
Project("{FAE04EC0-301F-11D3-BF4B-00C04F79EFBC}") = "T05.HotelRoom", "T05.HotelRoom\T05.HotelRoom.csproj", "{9E541269-ED47-4A8B-8058-20A122BA3808}"
EndProject
Global
	GlobalSection(SolutionConfigurationPlatforms) = preSolution
		Debug|Any CPU = Debug|Any CPU
		Release|Any CPU = Release|Any CPU
	EndGlobalSection
	GlobalSection(ProjectConfigurationPlatforms) = postSolution
		{ACC34921-E456-4FFB-BB2F-19B213DA0E23}.Debug|Any CPU.ActiveCfg = Debug|Any CPU
		{ACC34921-E456-4FFB-BB2F-19B213DA0E23}.Debug|Any CPU.Build.0 = Debug|Any CPU
		{ACC34921-E456-4FFB-BB2F-19B213DA0E23}.Release|Any CPU.ActiveCfg = Release|Any CPU
		{ACC34921-E456-4FFB-BB2F-19B213DA0E23}.Release|Any CPU.Build.0 = Release|Any CPU
		{4C09FCB1-05BC-4C48-A0E3-D2C1EBA59CC8}.Debug|Any CPU.ActiveCfg = Debug|Any CPU
		{4C09FCB1-05BC-4C48-A0E3-D2C1EBA59CC8}.Debug|Any CPU.Build.0 = Debug|Any CPU
		{4C09FCB1-05BC-4C48-A0E3-D2C1EBA59CC8}.Release|Any CPU.ActiveCfg = Release|Any CPU
		{4C09FCB1-05BC-4C48-A0E3-D2C1EBA59CC8}.Release|Any CPU.Build.0 = Release|Any CPU
		{ED757A89-3768-4364-B505-9CB126CE36DA}.Debug|Any CPU.ActiveCfg = Debug|Any CPU
		{ED757A89-3768-4364-B505-9CB126CE36DA}.Debug|Any CPU.Build.0 = Debug|Any CPU
		{ED757A89-3768-4364-B505-9CB126CE36DA}.Release|Any CPU.ActiveCfg = Release|Any CPU
		{ED757A89-3768-4364-B505-9CB126CE36DA}.Release|Any CPU.Build.0 = Release|Any CPU
		{A49B051C-1DED-49FE-8CB5-46FFEF506A4A}.Debug|Any CPU.ActiveCfg = Debug|Any CPU
		{A49B051C-1DED-49FE-8CB5-46FFEF506A4A}.Debug|Any CPU.Build.0 = Debug|Any CPU
		{A49B051C-1DED-49FE-8CB5-46FFEF506A4A}.Release|Any CPU.ActiveCfg = Release|Any CPU
		{A49B051C-1DED-49FE-8CB5-46FFEF506A4A}.Release|Any CPU.Build.0 = Release|Any CPU
		{9E541269-ED47-4A8B-8058-20A122BA3808}.Debug|Any CPU.ActiveCfg = Debug|Any CPU
		{9E541269-ED47-4A8B-8058-20A122BA3808}.Debug|Any CPU.Build.0 = Debug|Any CPU
		{9E541269-ED47-4A8B-8058-20A122BA3808}.Release|Any CPU.ActiveCfg = Release|Any CPU
		{9E541269-ED47-4A8B-8058-20A122BA3808}.Release|Any CPU.Build.0 = Release|Any CPU
	EndGlobalSection
	GlobalSection(SolutionProperties) = preSolution
		HideSolutionNode = FALSE
	EndGlobalSection
	GlobalSection(ExtensibilityGlobals) = postSolution
		SolutionGuid = {E70B5A11-2842-4914-A8D3-ECECD8E3566D}
	EndGlobalSection
EndGlobal
