
Microsoft Visual Studio Solution File, Format Version 12.00
# Visual Studio Version 16
VisualStudioVersion = 16.0.31702.278
MinimumVisualStudioVersion = 10.0.40219.1
Project("{9A19103F-16F7-4668-BE54-9A1E7A4F7556}") = "T01.BirthdayParty", "T01.BirthdayParty\T01.BirthdayParty.csproj", "{8FAB40E2-1D77-4447-8A84-986BF9219F6E}"
EndProject
Project("{FAE04EC0-301F-11D3-BF4B-00C04F79EFBC}") = "T01.ChangeBureau", "T01.ChangeBureau\T01.ChangeBureau.csproj", "{71712855-D3DA-4450-9274-06F8832B1F27}"
EndProject
Project("{FAE04EC0-301F-11D3-BF4B-00C04F79EFBC}") = "T02.CatWalking", "T02.CatWalking\T02.CatWalking.csproj", "{6964605F-F3AC-429A-A841-297649C54B3C}"
EndProject
Project("{FAE04EC0-301F-11D3-BF4B-00C04F79EFBC}") = "T02.MountainRun", "T02.MountainRun\T02.MountainRun.csproj", "{62AB6B6F-5931-4794-9998-F83A90F9E363}"
EndProject
Project("{FAE04EC0-301F-11D3-BF4B-00C04F79EFBC}") = "T03.EnergyBooster", "T03.EnergyBooster\T03.EnergyBooster.csproj", "{0816752E-B26E-4F0A-ABF5-AE22E5E6FC07}"
EndProject
Project("{FAE04EC0-301F-11D3-BF4B-00C04F79EFBC}") = "T03.FitnessCard", "T03.FitnessCard\T03.FitnessCard.csproj", "{3C2DFC6E-A39C-4A33-A660-063862BF00C2}"
EndProject
Project("{FAE04EC0-301F-11D3-BF4B-00C04F79EFBC}") = "T04.FoodForPets", "T04.FoodForPets\T04.FoodForPets.csproj", "{57FF759C-1D54-4E3F-BB4E-FDCCF51F8AA2}"
EndProject
Project("{FAE04EC0-301F-11D3-BF4B-00C04F79EFBC}") = "T04.TrekkingMania", "T04.TrekkingMania\T04.TrekkingMania.csproj", "{5D9FE67A-DFD0-4EED-9363-E397CDD7A673}"
EndProject
Project("{FAE04EC0-301F-11D3-BF4B-00C04F79EFBC}") = "T05.CareOfPuppy", "T05.CareOfPuppy\T05.CareOfPuppy.csproj", "{A7A812B7-EE28-431B-B051-1C8F2A93F235}"
EndProject
Project("{FAE04EC0-301F-11D3-BF4B-00C04F79EFBC}") = "T05.SuitcasesLoad", "T05.SuitcasesLoad\T05.SuitcasesLoad.csproj", "{E8692C77-88CF-48E2-A702-165628BE2444}"
EndProject
Project("{FAE04EC0-301F-11D3-BF4B-00C04F79EFBC}") = "T06.TournamentOfChristmas", "T06.TournamentOfChristmas\T06.TournamentOfChristmas.csproj", "{0A2CF1D1-47B2-461C-9069-8A6E38B45AB2}"
EndProject
Global
	GlobalSection(SolutionConfigurationPlatforms) = preSolution
		Debug|Any CPU = Debug|Any CPU
		Release|Any CPU = Release|Any CPU
	EndGlobalSection
	GlobalSection(ProjectConfigurationPlatforms) = postSolution
		{8FAB40E2-1D77-4447-8A84-986BF9219F6E}.Debug|Any CPU.ActiveCfg = Debug|Any CPU
		{8FAB40E2-1D77-4447-8A84-986BF9219F6E}.Debug|Any CPU.Build.0 = Debug|Any CPU
		{8FAB40E2-1D77-4447-8A84-986BF9219F6E}.Release|Any CPU.ActiveCfg = Release|Any CPU
		{8FAB40E2-1D77-4447-8A84-986BF9219F6E}.Release|Any CPU.Build.0 = Release|Any CPU
		{71712855-D3DA-4450-9274-06F8832B1F27}.Debug|Any CPU.ActiveCfg = Debug|Any CPU
		{71712855-D3DA-4450-9274-06F8832B1F27}.Debug|Any CPU.Build.0 = Debug|Any CPU
		{71712855-D3DA-4450-9274-06F8832B1F27}.Release|Any CPU.ActiveCfg = Release|Any CPU
		{71712855-D3DA-4450-9274-06F8832B1F27}.Release|Any CPU.Build.0 = Release|Any CPU
		{6964605F-F3AC-429A-A841-297649C54B3C}.Debug|Any CPU.ActiveCfg = Debug|Any CPU
		{6964605F-F3AC-429A-A841-297649C54B3C}.Debug|Any CPU.Build.0 = Debug|Any CPU
		{6964605F-F3AC-429A-A841-297649C54B3C}.Release|Any CPU.ActiveCfg = Release|Any CPU
		{6964605F-F3AC-429A-A841-297649C54B3C}.Release|Any CPU.Build.0 = Release|Any CPU
		{62AB6B6F-5931-4794-9998-F83A90F9E363}.Debug|Any CPU.ActiveCfg = Debug|Any CPU
		{62AB6B6F-5931-4794-9998-F83A90F9E363}.Debug|Any CPU.Build.0 = Debug|Any CPU
		{62AB6B6F-5931-4794-9998-F83A90F9E363}.Release|Any CPU.ActiveCfg = Release|Any CPU
		{62AB6B6F-5931-4794-9998-F83A90F9E363}.Release|Any CPU.Build.0 = Release|Any CPU
		{0816752E-B26E-4F0A-ABF5-AE22E5E6FC07}.Debug|Any CPU.ActiveCfg = Debug|Any CPU
		{0816752E-B26E-4F0A-ABF5-AE22E5E6FC07}.Debug|Any CPU.Build.0 = Debug|Any CPU
		{0816752E-B26E-4F0A-ABF5-AE22E5E6FC07}.Release|Any CPU.ActiveCfg = Release|Any CPU
		{0816752E-B26E-4F0A-ABF5-AE22E5E6FC07}.Release|Any CPU.Build.0 = Release|Any CPU
		{3C2DFC6E-A39C-4A33-A660-063862BF00C2}.Debug|Any CPU.ActiveCfg = Debug|Any CPU
		{3C2DFC6E-A39C-4A33-A660-063862BF00C2}.Debug|Any CPU.Build.0 = Debug|Any CPU
		{3C2DFC6E-A39C-4A33-A660-063862BF00C2}.Release|Any CPU.ActiveCfg = Release|Any CPU
		{3C2DFC6E-A39C-4A33-A660-063862BF00C2}.Release|Any CPU.Build.0 = Release|Any CPU
		{57FF759C-1D54-4E3F-BB4E-FDCCF51F8AA2}.Debug|Any CPU.ActiveCfg = Debug|Any CPU
		{57FF759C-1D54-4E3F-BB4E-FDCCF51F8AA2}.Debug|Any CPU.Build.0 = Debug|Any CPU
		{57FF759C-1D54-4E3F-BB4E-FDCCF51F8AA2}.Release|Any CPU.ActiveCfg = Release|Any CPU
		{57FF759C-1D54-4E3F-BB4E-FDCCF51F8AA2}.Release|Any CPU.Build.0 = Release|Any CPU
		{5D9FE67A-DFD0-4EED-9363-E397CDD7A673}.Debug|Any CPU.ActiveCfg = Debug|Any CPU
		{5D9FE67A-DFD0-4EED-9363-E397CDD7A673}.Debug|Any CPU.Build.0 = Debug|Any CPU
		{5D9FE67A-DFD0-4EED-9363-E397CDD7A673}.Release|Any CPU.ActiveCfg = Release|Any CPU
		{5D9FE67A-DFD0-4EED-9363-E397CDD7A673}.Release|Any CPU.Build.0 = Release|Any CPU
		{A7A812B7-EE28-431B-B051-1C8F2A93F235}.Debug|Any CPU.ActiveCfg = Debug|Any CPU
		{A7A812B7-EE28-431B-B051-1C8F2A93F235}.Debug|Any CPU.Build.0 = Debug|Any CPU
		{A7A812B7-EE28-431B-B051-1C8F2A93F235}.Release|Any CPU.ActiveCfg = Release|Any CPU
		{A7A812B7-EE28-431B-B051-1C8F2A93F235}.Release|Any CPU.Build.0 = Release|Any CPU
		{E8692C77-88CF-48E2-A702-165628BE2444}.Debug|Any CPU.ActiveCfg = Debug|Any CPU
		{E8692C77-88CF-48E2-A702-165628BE2444}.Debug|Any CPU.Build.0 = Debug|Any CPU
		{E8692C77-88CF-48E2-A702-165628BE2444}.Release|Any CPU.ActiveCfg = Release|Any CPU
		{E8692C77-88CF-48E2-A702-165628BE2444}.Release|Any CPU.Build.0 = Release|Any CPU
		{0A2CF1D1-47B2-461C-9069-8A6E38B45AB2}.Debug|Any CPU.ActiveCfg = Debug|Any CPU
		{0A2CF1D1-47B2-461C-9069-8A6E38B45AB2}.Debug|Any CPU.Build.0 = Debug|Any CPU
		{0A2CF1D1-47B2-461C-9069-8A6E38B45AB2}.Release|Any CPU.ActiveCfg = Release|Any CPU
		{0A2CF1D1-47B2-461C-9069-8A6E38B45AB2}.Release|Any CPU.Build.0 = Release|Any CPU
	EndGlobalSection
	GlobalSection(SolutionProperties) = preSolution
		HideSolutionNode = FALSE
	EndGlobalSection
	GlobalSection(ExtensibilityGlobals) = postSolution
		SolutionGuid = {3B36581D-45F9-421F-9B47-6A6C255003DA}
	EndGlobalSection
EndGlobal
