
Microsoft Visual Studio Solution File, Format Version 12.00
# Visual Studio Version 16
VisualStudioVersion = 16.0.31702.278
MinimumVisualStudioVersion = 10.0.40219.1
Project("{9A19103F-16F7-4668-BE54-9A1E7A4F7556}") = "T01.CrossingSequences", "T01.CrossingSequences\T01.CrossingSequences.csproj", "{2A4DDF07-9BC7-45A4-87B6-F62322C0976E}"
EndProject
Project("{FAE04EC0-301F-11D3-BF4B-00C04F79EFBC}") = "T02.MagicDates", "T02.MagicDates\T02.MagicDates.csproj", "{2A9C9E4E-81DC-4D6A-B233-899E26FE4323}"
EndProject
Project("{FAE04EC0-301F-11D3-BF4B-00C04F79EFBC}") = "T03.FiveSpecialLetters", "T03.FiveSpecialLetters\T03.FiveSpecialLetters.csproj", "{31AA6E40-24B3-4EFF-89AC-13116B4AD065}"
EndProject
Global
	GlobalSection(SolutionConfigurationPlatforms) = preSolution
		Debug|Any CPU = Debug|Any CPU
		Release|Any CPU = Release|Any CPU
	EndGlobalSection
	GlobalSection(ProjectConfigurationPlatforms) = postSolution
		{2A4DDF07-9BC7-45A4-87B6-F62322C0976E}.Debug|Any CPU.ActiveCfg = Debug|Any CPU
		{2A4DDF07-9BC7-45A4-87B6-F62322C0976E}.Debug|Any CPU.Build.0 = Debug|Any CPU
		{2A4DDF07-9BC7-45A4-87B6-F62322C0976E}.Release|Any CPU.ActiveCfg = Release|Any CPU
		{2A4DDF07-9BC7-45A4-87B6-F62322C0976E}.Release|Any CPU.Build.0 = Release|Any CPU
		{2A9C9E4E-81DC-4D6A-B233-899E26FE4323}.Debug|Any CPU.ActiveCfg = Debug|Any CPU
		{2A9C9E4E-81DC-4D6A-B233-899E26FE4323}.Debug|Any CPU.Build.0 = Debug|Any CPU
		{2A9C9E4E-81DC-4D6A-B233-899E26FE4323}.Release|Any CPU.ActiveCfg = Release|Any CPU
		{2A9C9E4E-81DC-4D6A-B233-899E26FE4323}.Release|Any CPU.Build.0 = Release|Any CPU
		{31AA6E40-24B3-4EFF-89AC-13116B4AD065}.Debug|Any CPU.ActiveCfg = Debug|Any CPU
		{31AA6E40-24B3-4EFF-89AC-13116B4AD065}.Debug|Any CPU.Build.0 = Debug|Any CPU
		{31AA6E40-24B3-4EFF-89AC-13116B4AD065}.Release|Any CPU.ActiveCfg = Release|Any CPU
		{31AA6E40-24B3-4EFF-89AC-13116B4AD065}.Release|Any CPU.Build.0 = Release|Any CPU
	EndGlobalSection
	GlobalSection(SolutionProperties) = preSolution
		HideSolutionNode = FALSE
	EndGlobalSection
	GlobalSection(ExtensibilityGlobals) = postSolution
		SolutionGuid = {62F95024-2DB0-4DC0-B523-C59AA339E3D8}
	EndGlobalSection
EndGlobal
