
Microsoft Visual Studio Solution File, Format Version 12.00
# Visual Studio Version 16
VisualStudioVersion = 16.0.31702.278
MinimumVisualStudioVersion = 10.0.40219.1
Project("{FAE04EC0-301F-11D3-BF4B-00C04F79EFBC}") = "T01.UniquePINCodes", "T01.UniquePINCodes\T01.UniquePINCodes.csproj", "{1F6C9471-F41D-4FB9-BAC7-316B7C0D08B8}"
EndProject
Project("{FAE04EC0-301F-11D3-BF4B-00C04F79EFBC}") = "T02.LettersCombinations", "T02.LettersCombinations\T02.LettersCombinations.csproj", "{78B7E867-C2C6-49F8-B00A-F8D83FC263A7}"
EndProject
Project("{FAE04EC0-301F-11D3-BF4B-00C04F79EFBC}") = "T03.LuckyNumbers", "T03.LuckyNumbers\T03.LuckyNumbers.csproj", "{9E651092-4B76-44AC-8513-C7C94E1DBE72}"
EndProject
Project("{FAE04EC0-301F-11D3-BF4B-00C04F79EFBC}") = "T04.CarNumber", "T04.CarNumber\T04.CarNumber.csproj", "{E979E281-FF7A-423D-8661-341D64C274AA}"
EndProject
Project("{FAE04EC0-301F-11D3-BF4B-00C04F79EFBC}") = "T05.ChallengeTheWedding", "T05.ChallengeTheWedding\T05.ChallengeTheWedding.csproj", "{39B9F860-A19F-4971-BE30-10A0C31CF4D5}"
EndProject
Project("{FAE04EC0-301F-11D3-BF4B-00C04F79EFBC}") = "T06.WeddingSeats", "T06.WeddingSeats\T06.WeddingSeats.csproj", "{5AD5BD7F-2CB3-4ADE-92CE-44B139095B9D}"
EndProject
Project("{FAE04EC0-301F-11D3-BF4B-00C04F79EFBC}") = "T07.SafePasswordsGenerator", "T07.SafePasswordsGenerator\T07.SafePasswordsGenerator.csproj", "{69493306-7F26-4D98-B7FC-153B9A5766B7}"
EndProject
Project("{FAE04EC0-301F-11D3-BF4B-00C04F79EFBC}") = "T08.SecretDoor'sLock", "T08.SecretDoor'sLock\T08.SecretDoor'sLock.csproj", "{0BDFEFA6-C5A4-4DE7-A907-C1FAEC137FEB}"
EndProject
Project("{FAE04EC0-301F-11D3-BF4B-00C04F79EFBC}") = "T09.SumOfTwoNumbers", "T09.SumOfTwoNumbers\T09.SumOfTwoNumbers.csproj", "{C499AE4C-5611-47B0-831C-698B43CBA040}"
EndProject
Project("{FAE04EC0-301F-11D3-BF4B-00C04F79EFBC}") = "T10.Profit", "T10.Profit\T10.Profit.csproj", "{75100820-A318-419F-964F-AB8F4F58CD2C}"
EndProject
Project("{FAE04EC0-301F-11D3-BF4B-00C04F79EFBC}") = "T11.HappyCatParking", "T11.HappyCatParking\T11.HappyCatParking.csproj", "{4E1C29B0-C482-4051-B890-87FB980F5EC8}"
EndProject
Project("{FAE04EC0-301F-11D3-BF4B-00C04F79EFBC}") = "T12.TheSongOfTheWheels", "T12.TheSongOfTheWheels\T12.TheSongOfTheWheels.csproj", "{4BB51B57-0C5C-41BE-9FD1-309E6EC8F2F0}"
EndProject
Project("{FAE04EC0-301F-11D3-BF4B-00C04F79EFBC}") = "T13.PrimePairs", "T13.PrimePairs\T13.PrimePairs.csproj", "{07605E3A-3624-4D3D-8A0E-673D0340CB66}"
EndProject
Project("{FAE04EC0-301F-11D3-BF4B-00C04F79EFBC}") = "T14.PasswordGenerator", "T14.PasswordGenerator\T14.PasswordGenerator.csproj", "{6E92CEF0-AFE1-4B78-AFFC-7B84BACC9EAB}"
EndProject
Global
	GlobalSection(SolutionConfigurationPlatforms) = preSolution
		Debug|Any CPU = Debug|Any CPU
		Release|Any CPU = Release|Any CPU
	EndGlobalSection
	GlobalSection(ProjectConfigurationPlatforms) = postSolution
		{1F6C9471-F41D-4FB9-BAC7-316B7C0D08B8}.Debug|Any CPU.ActiveCfg = Debug|Any CPU
		{1F6C9471-F41D-4FB9-BAC7-316B7C0D08B8}.Debug|Any CPU.Build.0 = Debug|Any CPU
		{1F6C9471-F41D-4FB9-BAC7-316B7C0D08B8}.Release|Any CPU.ActiveCfg = Release|Any CPU
		{1F6C9471-F41D-4FB9-BAC7-316B7C0D08B8}.Release|Any CPU.Build.0 = Release|Any CPU
		{78B7E867-C2C6-49F8-B00A-F8D83FC263A7}.Debug|Any CPU.ActiveCfg = Debug|Any CPU
		{78B7E867-C2C6-49F8-B00A-F8D83FC263A7}.Debug|Any CPU.Build.0 = Debug|Any CPU
		{78B7E867-C2C6-49F8-B00A-F8D83FC263A7}.Release|Any CPU.ActiveCfg = Release|Any CPU
		{78B7E867-C2C6-49F8-B00A-F8D83FC263A7}.Release|Any CPU.Build.0 = Release|Any CPU
		{9E651092-4B76-44AC-8513-C7C94E1DBE72}.Debug|Any CPU.ActiveCfg = Debug|Any CPU
		{9E651092-4B76-44AC-8513-C7C94E1DBE72}.Debug|Any CPU.Build.0 = Debug|Any CPU
		{9E651092-4B76-44AC-8513-C7C94E1DBE72}.Release|Any CPU.ActiveCfg = Release|Any CPU
		{9E651092-4B76-44AC-8513-C7C94E1DBE72}.Release|Any CPU.Build.0 = Release|Any CPU
		{E979E281-FF7A-423D-8661-341D64C274AA}.Debug|Any CPU.ActiveCfg = Debug|Any CPU
		{E979E281-FF7A-423D-8661-341D64C274AA}.Debug|Any CPU.Build.0 = Debug|Any CPU
		{E979E281-FF7A-423D-8661-341D64C274AA}.Release|Any CPU.ActiveCfg = Release|Any CPU
		{E979E281-FF7A-423D-8661-341D64C274AA}.Release|Any CPU.Build.0 = Release|Any CPU
		{39B9F860-A19F-4971-BE30-10A0C31CF4D5}.Debug|Any CPU.ActiveCfg = Debug|Any CPU
		{39B9F860-A19F-4971-BE30-10A0C31CF4D5}.Debug|Any CPU.Build.0 = Debug|Any CPU
		{39B9F860-A19F-4971-BE30-10A0C31CF4D5}.Release|Any CPU.ActiveCfg = Release|Any CPU
		{39B9F860-A19F-4971-BE30-10A0C31CF4D5}.Release|Any CPU.Build.0 = Release|Any CPU
		{5AD5BD7F-2CB3-4ADE-92CE-44B139095B9D}.Debug|Any CPU.ActiveCfg = Debug|Any CPU
		{5AD5BD7F-2CB3-4ADE-92CE-44B139095B9D}.Debug|Any CPU.Build.0 = Debug|Any CPU
		{5AD5BD7F-2CB3-4ADE-92CE-44B139095B9D}.Release|Any CPU.ActiveCfg = Release|Any CPU
		{5AD5BD7F-2CB3-4ADE-92CE-44B139095B9D}.Release|Any CPU.Build.0 = Release|Any CPU
		{69493306-7F26-4D98-B7FC-153B9A5766B7}.Debug|Any CPU.ActiveCfg = Debug|Any CPU
		{69493306-7F26-4D98-B7FC-153B9A5766B7}.Debug|Any CPU.Build.0 = Debug|Any CPU
		{69493306-7F26-4D98-B7FC-153B9A5766B7}.Release|Any CPU.ActiveCfg = Release|Any CPU
		{69493306-7F26-4D98-B7FC-153B9A5766B7}.Release|Any CPU.Build.0 = Release|Any CPU
		{0BDFEFA6-C5A4-4DE7-A907-C1FAEC137FEB}.Debug|Any CPU.ActiveCfg = Debug|Any CPU
		{0BDFEFA6-C5A4-4DE7-A907-C1FAEC137FEB}.Debug|Any CPU.Build.0 = Debug|Any CPU
		{0BDFEFA6-C5A4-4DE7-A907-C1FAEC137FEB}.Release|Any CPU.ActiveCfg = Release|Any CPU
		{0BDFEFA6-C5A4-4DE7-A907-C1FAEC137FEB}.Release|Any CPU.Build.0 = Release|Any CPU
		{C499AE4C-5611-47B0-831C-698B43CBA040}.Debug|Any CPU.ActiveCfg = Debug|Any CPU
		{C499AE4C-5611-47B0-831C-698B43CBA040}.Debug|Any CPU.Build.0 = Debug|Any CPU
		{C499AE4C-5611-47B0-831C-698B43CBA040}.Release|Any CPU.ActiveCfg = Release|Any CPU
		{C499AE4C-5611-47B0-831C-698B43CBA040}.Release|Any CPU.Build.0 = Release|Any CPU
		{75100820-A318-419F-964F-AB8F4F58CD2C}.Debug|Any CPU.ActiveCfg = Debug|Any CPU
		{75100820-A318-419F-964F-AB8F4F58CD2C}.Debug|Any CPU.Build.0 = Debug|Any CPU
		{75100820-A318-419F-964F-AB8F4F58CD2C}.Release|Any CPU.ActiveCfg = Release|Any CPU
		{75100820-A318-419F-964F-AB8F4F58CD2C}.Release|Any CPU.Build.0 = Release|Any CPU
		{4E1C29B0-C482-4051-B890-87FB980F5EC8}.Debug|Any CPU.ActiveCfg = Debug|Any CPU
		{4E1C29B0-C482-4051-B890-87FB980F5EC8}.Debug|Any CPU.Build.0 = Debug|Any CPU
		{4E1C29B0-C482-4051-B890-87FB980F5EC8}.Release|Any CPU.ActiveCfg = Release|Any CPU
		{4E1C29B0-C482-4051-B890-87FB980F5EC8}.Release|Any CPU.Build.0 = Release|Any CPU
		{4BB51B57-0C5C-41BE-9FD1-309E6EC8F2F0}.Debug|Any CPU.ActiveCfg = Debug|Any CPU
		{4BB51B57-0C5C-41BE-9FD1-309E6EC8F2F0}.Debug|Any CPU.Build.0 = Debug|Any CPU
		{4BB51B57-0C5C-41BE-9FD1-309E6EC8F2F0}.Release|Any CPU.ActiveCfg = Release|Any CPU
		{4BB51B57-0C5C-41BE-9FD1-309E6EC8F2F0}.Release|Any CPU.Build.0 = Release|Any CPU
		{07605E3A-3624-4D3D-8A0E-673D0340CB66}.Debug|Any CPU.ActiveCfg = Debug|Any CPU
		{07605E3A-3624-4D3D-8A0E-673D0340CB66}.Debug|Any CPU.Build.0 = Debug|Any CPU
		{07605E3A-3624-4D3D-8A0E-673D0340CB66}.Release|Any CPU.ActiveCfg = Release|Any CPU
		{07605E3A-3624-4D3D-8A0E-673D0340CB66}.Release|Any CPU.Build.0 = Release|Any CPU
		{6E92CEF0-AFE1-4B78-AFFC-7B84BACC9EAB}.Debug|Any CPU.ActiveCfg = Debug|Any CPU
		{6E92CEF0-AFE1-4B78-AFFC-7B84BACC9EAB}.Debug|Any CPU.Build.0 = Debug|Any CPU
		{6E92CEF0-AFE1-4B78-AFFC-7B84BACC9EAB}.Release|Any CPU.ActiveCfg = Release|Any CPU
		{6E92CEF0-AFE1-4B78-AFFC-7B84BACC9EAB}.Release|Any CPU.Build.0 = Release|Any CPU
	EndGlobalSection
	GlobalSection(SolutionProperties) = preSolution
		HideSolutionNode = FALSE
	EndGlobalSection
	GlobalSection(ExtensibilityGlobals) = postSolution
		SolutionGuid = {FC04B2A4-13CD-46BF-90AC-42047483575F}
	EndGlobalSection
EndGlobal
